speakeasyVersion: 1.605.1
sources:
    Cribl API Reference:
        sourceNamespace: cribl-api-reference
        sourceRevisionDigest: sha256:6f5812182837cac81ac4d667eb0637f6888a916cfe4bb2de5d6f4034d247ea85
        sourceBlobDigest: sha256:d3d3de2ff32dc56236cfe708a1b82f7dd585935de9f41fc0cb684fa03ed4663a
        tags:
            - latest
            - 4.14.0-alpha.1755179421376-c4612cd3
targets:
    cribl-control-plane:
        source: Cribl API Reference
        sourceNamespace: cribl-api-reference
        sourceRevisionDigest: sha256:6f5812182837cac81ac4d667eb0637f6888a916cfe4bb2de5d6f4034d247ea85
        sourceBlobDigest: sha256:d3d3de2ff32dc56236cfe708a1b82f7dd585935de9f41fc0cb684fa03ed4663a
        codeSamplesNamespace: cribl-api-reference-python-code-samples
        codeSamplesRevisionDigest: sha256:9f8d655ae46088284074c5aed6c461ce79f7996da2008e0a4e6e5303f77cebca
workflow:
    workflowVersion: 1.0.0
    speakeasyVersion: 1.605.1
    sources:
        Cribl API Reference:
            inputs:
                - location: https://raw.githubusercontent.com/criblio/cribl-openapi-spec/main/specs/control-plane.yml
            output: .speakeasy/out.openapi.yaml
            registry:
                location: registry.speakeasyapi.dev/cribl/cribl/cribl-api-reference
    targets:
        cribl-control-plane:
            target: python
            source: Cribl API Reference
            publish:
                pypi:
                    token: $pypi_token
            codeSamples:
                registry:
                    location: registry.speakeasyapi.dev/cribl/cribl/cribl-api-reference-python-code-samples
                labelOverride:
                    fixedValue: Python (SDK)
                blocking: false
            testing:
                enabled: false
