speakeasyVersion: 1.585.0
sources:
    Cribl API Reference:
        sourceNamespace: cribl-api-reference
        sourceRevisionDigest: sha256:2e753078bca53a56da149a40943842727e919762cf90993f12e055895b09360b
        sourceBlobDigest: sha256:3cc22cfb44697d10f948aa59afd1f69d5a60154fb8b825628a3f058d1f60990c
        tags:
            - latest
            - speakeasy-sdk-regen-1754078262
            - 4.14.0-alpha.1754075358312-9b381cdf
targets:
    cribl-control-plane:
        source: Cribl API Reference
        sourceNamespace: cribl-api-reference
        sourceRevisionDigest: sha256:2e753078bca53a56da149a40943842727e919762cf90993f12e055895b09360b
        sourceBlobDigest: sha256:3cc22cfb44697d10f948aa59afd1f69d5a60154fb8b825628a3f058d1f60990c
        codeSamplesNamespace: cribl-api-reference-python-code-samples
        codeSamplesRevisionDigest: sha256:b2a56dbc7574dd02d601ce1fed8bb52cc3c1cc64b63e5fef7aa62f044acda440
workflow:
    workflowVersion: 1.0.0
    speakeasyVersion: 1.585.0
    sources:
        Cribl API Reference:
            inputs:
                - location: https://raw.githubusercontent.com/criblio/cribl-openapi-spec/main/specs/control-plane.yml
            output: .speakeasy/out.openapi.yaml
            registry:
                location: registry.speakeasyapi.dev/cribl/cribl/cribl-api-reference
    targets:
        cribl-control-plane:
            target: python
            source: Cribl API Reference
            publish:
                pypi:
                    token: $pypi_token
            codeSamples:
                registry:
                    location: registry.speakeasyapi.dev/cribl/cribl/cribl-api-reference-python-code-samples
                labelOverride:
                    fixedValue: Python (SDK)
                blocking: false
            testing:
                enabled: true
