speakeasyVersion: 1.581.0
sources:
    Cribl API Reference:
        sourceNamespace: cribl-api-reference
        sourceRevisionDigest: sha256:b4c0d5d62a2e5cd3a7ec1385d40f721b14848e8ce9cd5b3af438a4f59a470321
        sourceBlobDigest: sha256:835e3724a4159fd5643f9af00f7a6df4d06b4808aaf3d8111f86cb19528ca26a
        tags:
            - latest
            - speakeasy-sdk-regen-1752481495
            - 4.12.2-4b17c8d4
targets:
    cribl-control-plane:
        source: Cribl API Reference
        sourceNamespace: cribl-api-reference
        sourceRevisionDigest: sha256:b4c0d5d62a2e5cd3a7ec1385d40f721b14848e8ce9cd5b3af438a4f59a470321
        sourceBlobDigest: sha256:835e3724a4159fd5643f9af00f7a6df4d06b4808aaf3d8111f86cb19528ca26a
        codeSamplesNamespace: cribl-api-reference-python-code-samples
        codeSamplesRevisionDigest: sha256:380a3b0c10297f6448b9527982e8ad8cbe6a9c644e6cd6c8c707475050ce5740
workflow:
    workflowVersion: 1.0.0
    speakeasyVersion: 1.581.0
    sources:
        Cribl API Reference:
            inputs:
                - location: ./openapi.yml
            output: .speakeasy/out.openapi.yaml
            registry:
                location: registry.speakeasyapi.dev/cribl/cribl/cribl-api-reference
    targets:
        cribl-control-plane:
            target: python
            source: Cribl API Reference
            publish:
                pypi:
                    token: $pypi_token
            codeSamples:
                registry:
                    location: registry.speakeasyapi.dev/cribl/cribl/cribl-api-reference-python-code-samples
                labelOverride:
                    fixedValue: Python (SDK)
                blocking: false
            testing:
                enabled: true
